<Solution>
  <Folder Name="/src/">
    <Project Path="src/Parrot.Cli/Parrot.Cli.csproj" />
    <Project Path="src/Parrot.Common/Parrot.Common.csproj" />
    <Project Path="src/Parrot.Foundation/Parrot.Foundation.csproj" />
    <Project Path="src/Parrot.Infrastructure/Parrot.Infrastructure.csproj" />
    <Project Path="src/Parrot.Llm/Parrot.Llm.csproj" />
    <Project Path="src/Parrot.Composition/Parrot.Composition.csproj" />
    <Project Path="src/Parrot.Core/Parrot.Core.csproj" />
    <Project Path="src/Parrot.StatusProviders/Parrot.StatusProviders.csproj" />
    <Project Path="src/Parrot.Tools/Parrot.Tools.csproj" />
    <Project Path="src/Parrot.Tool.Queue/Parrot.Tool.Queue.csproj" />
    <Project Path="src/Parrot.Tool.Process/Parrot.Tool.Process.csproj" />
    <Project Path="src/Parrot.Tool.AgentTask/Parrot.Tool.AgentTask.csproj" />
  </Folder>
  <Folder Name="/tools/">
    <Project Path="tools/Parrot.Analyzers/Parrot.Analyzers.csproj" />
  </Folder>
  <Folder Name="/test/">
    <Project Path="test/Parrot.Cli.Tests/Parrot.Cli.Tests.csproj" />
    <Project Path="test/Parrot.Common.Tests/Parrot.Common.Tests.csproj" />
    <Project Path="test/Parrot.Foundation.Tests/Parrot.Foundation.Tests.csproj" />
    <Project Path="test/Parrot.Tools.Tests/Parrot.Tools.Tests.csproj" />
    <Project Path="test/Parrot.Infrastructure.Tests/Parrot.Infrastructure.Tests.csproj" />
    <Project Path="test/Parrot.Llm.Tests/Parrot.Llm.Tests.csproj" />
    <Project Path="test/Parrot.Core.Tests/Parrot.Core.Tests.csproj" />
  </Folder>
</Solution>
